// !$*UTF8*$!
{
	archiveVersion = 1;
	classes = {
	};
	objectVersion = 46;
	objects = {

/* Begin PBXBuildFile section */
		41861AD31CDDB6380010B4DA /* AppDelegate.swift in Sources */ = {isa = PBXBuildFile; fileRef = 41861AD21CDDB6380010B4DA /* AppDelegate.swift */; };
		41861AD51CDDB6380010B4DA /* ListViewController.swift in Sources */ = {isa = PBXBuildFile; fileRef = 41861AD41CDDB6380010B4DA /* ListViewController.swift */; };
		41861AD71CDDB6380010B4DA /* MapViewController.swift in Sources */ = {isa = PBXBuildFile; fileRef = 41861AD61CDDB6380010B4DA /* MapViewController.swift */; };
		41861ADA1CDDB6380010B4DA /* Main.storyboard in Resources */ = {isa = PBXBuildFile; fileRef = 41861AD81CDDB6380010B4DA /* Main.storyboard */; };
		41861ADC1CDDB6380010B4DA /* Assets.xcassets in Resources */ = {isa = PBXBuildFile; fileRef = 41861ADB1CDDB6380010B4DA /* Assets.xcassets */; };
		41861ADF1CDDB6380010B4DA /* LaunchScreen.storyboard in Resources */ = {isa = PBXBuildFile; fileRef = 41861ADD1CDDB6380010B4DA /* LaunchScreen.storyboard */; };
		41C35A4A1CDF31AA00002493 /* TableCellView.xib in Resources */ = {isa = PBXBuildFile; fileRef = 41C35A491CDF31AA00002493 /* TableCellView.xib */; };
		41C35A4C1CDF467800002493 /* ListTableCell.swift in Sources */ = {isa = PBXBuildFile; fileRef = 41C35A4B1CDF467800002493 /* ListTableCell.swift */; };
		41F9C3071CE117400016F8FB /* Earthquaks.swift in Sources */ = {isa = PBXBuildFile; fileRef = 41F9C3061CE117400016F8FB /* Earthquaks.swift */; };
		41F9C3091CE12E860016F8FB /* VCMapView.swift in Sources */ = {isa = PBXBuildFile; fileRef = 41F9C3081CE12E860016F8FB /* VCMapView.swift */; };
		BEDD188A5E0B49CE5F25B265 /* Pods_Earthquakes_Sample_App.framework in Frameworks */ = {isa = PBXBuildFile; fileRef = 7A9E47FAA94178E5A83FFEBE /* Pods_Earthquakes_Sample_App.framework */; };
/* End PBXBuildFile section */

/* Begin PBXFileReference section */
		063C4A92E6A29CCE65CB27FB /* Pods-Earthquakes Sample App.release.xcconfig */ = {isa = PBXFileReference; includeInIndex = 1; lastKnownFileType = text.xcconfig; name = "Pods-Earthquakes Sample App.release.xcconfig"; path = "Pods/Target Support Files/Pods-Earthquakes Sample App/Pods-Earthquakes Sample App.release.xcconfig"; sourceTree = "<group>"; };
		2B0EC4B22560BD510707B365 /* Pods-Earthquakes Sample App.debug.xcconfig */ = {isa = PBXFileReference; includeInIndex = 1; lastKnownFileType = text.xcconfig; name = "Pods-Earthquakes Sample App.debug.xcconfig"; path = "Pods/Target Support Files/Pods-Earthquakes Sample App/Pods-Earthquakes Sample App.debug.xcconfig"; sourceTree = "<group>"; };
		41861ACF1CDDB6380010B4DA /* Earthquakes Sample App.app */ = {isa = PBXFileReference; explicitFileType = wrapper.application; includeInIndex = 0; path = "Earthquakes Sample App.app"; sourceTree = BUILT_PRODUCTS_DIR; };
		41861AD21CDDB6380010B4DA /* AppDelegate.swift */ = {isa = PBXFileReference; lastKnownFileType = sourcecode.swift; path = AppDelegate.swift; sourceTree = "<group>"; };
		41861AD41CDDB6380010B4DA /* ListViewController.swift */ = {isa = PBXFileReference; lastKnownFileType = sourcecode.swift; path = ListViewController.swift; sourceTree = "<group>"; };
		41861AD61CDDB6380010B4DA /* MapViewController.swift */ = {isa = PBXFileReference; lastKnownFileType = sourcecode.swift; path = MapViewController.swift; sourceTree = "<group>"; };
		41861AD91CDDB6380010B4DA /* Base */ = {isa = PBXFileReference; lastKnownFileType = file.storyboard; name = Base; path = Base.lproj/Main.storyboard; sourceTree = "<group>"; };
		41861ADB1CDDB6380010B4DA /* Assets.xcassets */ = {isa = PBXFileReference; lastKnownFileType = folder.assetcatalog; path = Assets.xcassets; sourceTree = "<group>"; };
		41861ADE1CDDB6380010B4DA /* Base */ = {isa = PBXFileReference; lastKnownFileType = file.storyboard; name = Base; path = Base.lproj/LaunchScreen.storyboard; sourceTree = "<group>"; };
		41861AE01CDDB6380010B4DA /* Info.plist */ = {isa = PBXFileReference; lastKnownFileType = text.plist.xml; path = Info.plist; sourceTree = "<group>"; };
		41C35A491CDF31AA00002493 /* TableCellView.xib */ = {isa = PBXFileReference; fileEncoding = 4; lastKnownFileType = file.xib; path = TableCellView.xib; sourceTree = "<group>"; };
		41C35A4B1CDF467800002493 /* ListTableCell.swift */ = {isa = PBXFileReference; fileEncoding = 4; lastKnownFileType = sourcecode.swift; path = ListTableCell.swift; sourceTree = "<group>"; };
		41F9C3061CE117400016F8FB /* Earthquaks.swift */ = {isa = PBXFileReference; fileEncoding = 4; lastKnownFileType = sourcecode.swift; path = Earthquaks.swift; sourceTree = "<group>"; };
		41F9C3081CE12E860016F8FB /* VCMapView.swift */ = {isa = PBXFileReference; fileEncoding = 4; lastKnownFileType = sourcecode.swift; path = VCMapView.swift; sourceTree = "<group>"; };
		7A9E47FAA94178E5A83FFEBE /* Pods_Earthquakes_Sample_App.framework */ = {isa = PBXFileReference; explicitFileType = wrapper.framework; includeInIndex = 0; path = Pods_Earthquakes_Sample_App.framework; sourceTree = BUILT_PRODUCTS_DIR; };
/* End PBXFileReference section */

/* Begin PBXFrameworksBuildPhase section */
		41861ACC1CDDB6380010B4DA /* Frameworks */ = {
			isa = PBXFrameworksBuildPhase;
			buildActionMask = 2147483647;
			files = (
				BEDD188A5E0B49CE5F25B265 /* Pods_Earthquakes_Sample_App.framework in Frameworks */,
			);
			runOnlyForDeploymentPostprocessing = 0;
		};
/* End PBXFrameworksBuildPhase section */

/* Begin PBXGroup section */
		41861AC61CDDB6380010B4DA = {
			isa = PBXGroup;
			children = (
				41861AD11CDDB6380010B4DA /* Earthquakes Sample App */,
				41861AD01CDDB6380010B4DA /* Products */,
				F30F004EEAD227105F84A836 /* Pods */,
				DEB8702704CB8B3FB0F92BF4 /* Frameworks */,
			);
			sourceTree = "<group>";
		};
		41861AD01CDDB6380010B4DA /* Products */ = {
			isa = PBXGroup;
			children = (
				41861ACF1CDDB6380010B4DA /* Earthquakes Sample App.app */,
			);
			name = Products;
			sourceTree = "<group>";
		};
		41861AD11CDDB6380010B4DA /* Earthquakes Sample App */ = {
			isa = PBXGroup;
			children = (
				41861AD21CDDB6380010B4DA /* AppDelegate.swift */,
				41861AD41CDDB6380010B4DA /* ListViewController.swift */,
				41861AD61CDDB6380010B4DA /* MapViewController.swift */,
				41F9C3081CE12E860016F8FB /* VCMapView.swift */,
				41F9C3061CE117400016F8FB /* Earthquaks.swift */,
				41861AD81CDDB6380010B4DA /* Main.storyboard */,
				41C35A491CDF31AA00002493 /* TableCellView.xib */,
				41C35A4B1CDF467800002493 /* ListTableCell.swift */,
				41861ADB1CDDB6380010B4DA /* Assets.xcassets */,
				41861ADD1CDDB6380010B4DA /* LaunchScreen.storyboard */,
				41861AE01CDDB6380010B4DA /* Info.plist */,
			);
			path = "Earthquakes Sample App";
			sourceTree = "<group>";
		};
		DEB8702704CB8B3FB0F92BF4 /* Frameworks */ = {
			isa = PBXGroup;
			children = (
				7A9E47FAA94178E5A83FFEBE /* Pods_Earthquakes_Sample_App.framework */,
			);
			name = Frameworks;
			sourceTree = "<group>";
		};
		F30F004EEAD227105F84A836 /* Pods */ = {
			isa = PBXGroup;
			children = (
				2B0EC4B22560BD510707B365 /* Pods-Earthquakes Sample App.debug.xcconfig */,
				063C4A92E6A29CCE65CB27FB /* Pods-Earthquakes Sample App.release.xcconfig */,
			);
			name = Pods;
			sourceTree = "<group>";
		};
/* End PBXGroup section */

/* Begin PBXNativeTarget section */
		41861ACE1CDDB6380010B4DA /* Earthquakes Sample App */ = {
			isa = PBXNativeTarget;
			buildConfigurationList = 41861AE31CDDB6380010B4DA /* Build configuration list for PBXNativeTarget "Earthquakes Sample App" */;
			buildPhases = (
				4FBC8E4958B0985683365B51 /* 📦 Check Pods Manifest.lock */,
				41861ACB1CDDB6380010B4DA /* Sources */,
				41861ACC1CDDB6380010B4DA /* Frameworks */,
				41861ACD1CDDB6380010B4DA /* Resources */,
				CBC61B1FA0106C56F253BBDF /* 📦 Embed Pods Frameworks */,
				B5029FCB8E6C80DA7CBD26FF /* 📦 Copy Pods Resources */,
			);
			buildRules = (
			);
			dependencies = (
			);
			name = "Earthquakes Sample App";
			productName = "Earthquakes Sample App";
			productReference = 41861ACF1CDDB6380010B4DA /* Earthquakes Sample App.app */;
			productType = "com.apple.product-type.application";
		};
/* End PBXNativeTarget section */

/* Begin PBXProject section */
		41861AC71CDDB6380010B4DA /* Project object */ = {
			isa = PBXProject;
			attributes = {
				LastSwiftUpdateCheck = 0730;
				LastUpgradeCheck = 0730;
				ORGANIZATIONNAME = "Ali Afghah";
				TargetAttributes = {
					41861ACE1CDDB6380010B4DA = {
						CreatedOnToolsVersion = 7.3;
					};
				};
			};
			buildConfigurationList = 41861ACA1CDDB6380010B4DA /* Build configuration list for PBXProject "Earthquakes Sample App" */;
			compatibilityVersion = "Xcode 3.2";
			developmentRegion = English;
			hasScannedForEncodings = 0;
			knownRegions = (
				en,
				Base,
			);
			mainGroup = 41861AC61CDDB6380010B4DA;
			productRefGroup = 41861AD01CDDB6380010B4DA /* Products */;
			projectDirPath = "";
			projectRoot = "";
			targets = (
				41861ACE1CDDB6380010B4DA /* Earthquakes Sample App */,
			);
		};
/* End PBXProject section */

/* Begin PBXResourcesBuildPhase section */
		41861ACD1CDDB6380010B4DA /* Resources */ = {
			isa = PBXResourcesBuildPhase;
			buildActionMask = 2147483647;
			files = (
				41861ADF1CDDB6380010B4DA /* LaunchScreen.storyboard in Resources */,
				41861ADC1CDDB6380010B4DA /* Assets.xcassets in Resources */,
				41861ADA1CDDB6380010B4DA /* Main.storyboard in Resources */,
				41C35A4A1CDF31AA00002493 /* TableCellView.xib in Resources */,
			);
			runOnlyForDeploymentPostprocessing = 0;
		};
/* End PBXResourcesBuildPhase section */

/* Begin PBXShellScriptBuildPhase section */
		4FBC8E4958B0985683365B51 /* 📦 Check Pods Manifest.lock */ = {
			isa = PBXShellScriptBuildPhase;
			buildActionMask = 2147483647;
			files = (
			);
			inputPaths = (
			);
			name = "📦 Check Pods Manifest.lock";
			outputPaths = (
			);
			runOnlyForDeploymentPostprocessing = 0;
			shellPath = /bin/sh;
			shellScript = "diff \"${PODS_ROOT}/../Podfile.lock\" \"${PODS_ROOT}/Manifest.lock\" > /dev/null\nif [[ $? != 0 ]] ; then\n    cat << EOM\nerror: The sandbox is not in sync with the Podfile.lock. Run 'pod install' or update your CocoaPods installation.\nEOM\n    exit 1\nfi\n";
			showEnvVarsInLog = 0;
		};
		B5029FCB8E6C80DA7CBD26FF /* 📦 Copy Pods Resources */ = {
			isa = PBXShellScriptBuildPhase;
			buildActionMask = 2147483647;
			files = (
			);
			inputPaths = (
			);
			name = "📦 Copy Pods Resources";
			outputPaths = (
			);
			runOnlyForDeploymentPostprocessing = 0;
			shellPath = /bin/sh;
			shellScript = "\"${SRCROOT}/Pods/Target Support Files/Pods-Earthquakes Sample App/Pods-Earthquakes Sample App-resources.sh\"\n";
			showEnvVarsInLog = 0;
		};
		CBC61B1FA0106C56F253BBDF /* 📦 Embed Pods Frameworks */ = {
			isa = PBXShellScriptBuildPhase;
			buildActionMask = 2147483647;
			files = (
			);
			inputPaths = (
			);
			name = "📦 Embed Pods Frameworks";
			outputPaths = (
			);
			runOnlyForDeploymentPostprocessing = 0;
			shellPath = /bin/sh;
			shellScript = "\"${SRCROOT}/Pods/Target Support Files/Pods-Earthquakes Sample App/Pods-Earthquakes Sample App-frameworks.sh\"\n";
			showEnvVarsInLog = 0;
		};
/* End PBXShellScriptBuildPhase section */

/* Begin PBXSourcesBuildPhase section */
		41861ACB1CDDB6380010B4DA /* Sources */ = {
			isa = PBXSourcesBuildPhase;
			buildActionMask = 2147483647;
			files = (
				41F9C3091CE12E860016F8FB /* VCMapView.swift in Sources */,
				41F9C3071CE117400016F8FB /* Earthquaks.swift in Sources */,
				41861AD71CDDB6380010B4DA /* MapViewController.swift in Sources */,
				41861AD31CDDB6380010B4DA /* AppDelegate.swift in Sources */,
				41C35A4C1CDF467800002493 /* ListTableCell.swift in Sources */,
				41861AD51CDDB6380010B4DA /* ListViewController.swift in Sources */,
			);
			runOnlyForDeploymentPostprocessing = 0;
		};
/* End PBXSourcesBuildPhase section */

/* Begin PBXVariantGroup section */
		41861AD81CDDB6380010B4DA /* Main.storyboard */ = {
			isa = PBXVariantGroup;
			children = (
				41861AD91CDDB6380010B4DA /* Base */,
			);
			name = Main.storyboard;
			sourceTree = "<group>";
		};
		41861ADD1CDDB6380010B4DA /* LaunchScreen.storyboard */ = {
			isa = PBXVariantGroup;
			children = (
				41861ADE1CDDB6380010B4DA /* Base */,
			);
			name = LaunchScreen.storyboard;
			sourceTree = "<group>";
		};
/* End PBXVariantGroup section */

/* Begin XCBuildConfiguration section */
		41861AE11CDDB6380010B4DA /* Debug */ = {
			isa = XCBuildConfiguration;
			buildSettings = {
				ALWAYS_SEARCH_USER_PATHS = NO;
				CLANG_ANALYZER_NONNULL = YES;
				CLANG_CXX_LANGUAGE_STANDARD = "gnu++0x";
				CLANG_CXX_LIBRARY = "libc++";
				CLANG_ENABLE_MODULES = YES;
				CLANG_ENABLE_OBJC_ARC = YES;
				CLANG_WARN_BOOL_CONVERSION = YES;
				CLANG_WARN_CONSTANT_CONVERSION = YES;
				CLANG_WARN_DIRECT_OBJC_ISA_USAGE = YES_ERROR;
				CLANG_WARN_EMPTY_BODY = YES;
				CLANG_WARN_ENUM_CONVERSION = YES;
				CLANG_WARN_INT_CONVERSION = YES;
				CLANG_WARN_OBJC_ROOT_CLASS = YES_ERROR;
				CLANG_WARN_UNREACHABLE_CODE = YES;
				CLANG_WARN__DUPLICATE_METHOD_MATCH = YES;
				"CODE_SIGN_IDENTITY[sdk=iphoneos*]" = "iPhone Developer";
				COPY_PHASE_STRIP = NO;
				DEBUG_INFORMATION_FORMAT = dwarf;
				ENABLE_STRICT_OBJC_MSGSEND = YES;
				ENABLE_TESTABILITY = YES;
				GCC_C_LANGUAGE_STANDARD = gnu99;
				GCC_DYNAMIC_NO_PIC = NO;
				GCC_NO_COMMON_BLOCKS = YES;
				GCC_OPTIMIZATION_LEVEL = 0;
				GCC_PREPROCESSOR_DEFINITIONS = (
					"DEBUG=1",
					"$(inherited)",
				);
				GCC_WARN_64_TO_32_BIT_CONVERSION = YES;
				GCC_WARN_ABOUT_RETURN_TYPE = YES_ERROR;
				GCC_WARN_UNDECLARED_SELECTOR = YES;
				GCC_WARN_UNINITIALIZED_AUTOS = YES_AGGRESSIVE;
				GCC_WARN_UNUSED_FUNCTION = YES;
				GCC_WARN_UNUSED_VARIABLE = YES;
				IPHONEOS_DEPLOYMENT_TARGET = 9.3;
				MTL_ENABLE_DEBUG_INFO = YES;
				ONLY_ACTIVE_ARCH = YES;
				SDKROOT = iphoneos;
				SWIFT_OPTIMIZATION_LEVEL = "-Onone";
			};
			name = Debug;
		};
		41861AE21CDDB6380010B4DA /* Release */ = {
			isa = XCBuildConfiguration;
			buildSettings = {
				ALWAYS_SEARCH_USER_PATHS = NO;
				CLANG_ANALYZER_NONNULL = YES;
				CLANG_CXX_LANGUAGE_STANDARD = "gnu++0x";
				CLANG_CXX_LIBRARY = "libc++";
				CLANG_ENABLE_MODULES = YES;
				CLANG_ENABLE_OBJC_ARC = YES;
				CLANG_WARN_BOOL_CONVERSION = YES;
				CLANG_WARN_CONSTANT_CONVERSION = YES;
				CLANG_WARN_DIRECT_OBJC_ISA_USAGE = YES_ERROR;
				CLANG_WARN_EMPTY_BODY = YES;
				CLANG_WARN_ENUM_CONVERSION = YES;
				CLANG_WARN_INT_CONVERSION = YES;
				CLANG_WARN_OBJC_ROOT_CLASS = YES_ERROR;
				CLANG_WARN_UNREACHABLE_CODE = YES;
				CLANG_WARN__DUPLICATE_METHOD_MATCH = YES;
				"CODE_SIGN_IDENTITY[sdk=iphoneos*]" = "iPhone Developer";
				COPY_PHASE_STRIP = NO;
				DEBUG_INFORMATION_FORMAT = "dwarf-with-dsym";
				ENABLE_NS_ASSERTIONS = NO;
				ENABLE_STRICT_OBJC_MSGSEND = YES;
				GCC_C_LANGUAGE_STANDARD = gnu99;
				GCC_NO_COMMON_BLOCKS = YES;
				GCC_WARN_64_TO_32_BIT_CONVERSION = YES;
				GCC_WARN_ABOUT_RETURN_TYPE = YES_ERROR;
				GCC_WARN_UNDECLARED_SELECTOR = YES;
				GCC_WARN_UNINITIALIZED_AUTOS = YES_AGGRESSIVE;
				GCC_WARN_UNUSED_FUNCTION = YES;
				GCC_WARN_UNUSED_VARIABLE = YES;
				IPHONEOS_DEPLOYMENT_TARGET = 9.3;
				MTL_ENABLE_DEBUG_INFO = NO;
				SDKROOT = iphoneos;
				VALIDATE_PRODUCT = YES;
			};
			name = Release;
		};
		41861AE41CDDB6380010B4DA /* Debug */ = {
			isa = XCBuildConfiguration;
			baseConfigurationReference = 2B0EC4B22560BD510707B365 /* Pods-Earthquakes Sample App.debug.xcconfig */;
			buildSettings = {
				ASSETCATALOG_COMPILER_APPICON_NAME = AppIcon;
				INFOPLIST_FILE = "Earthquakes Sample App/Info.plist";
				IPHONEOS_DEPLOYMENT_TARGET = 9.0;
				LD_RUNPATH_SEARCH_PATHS = "$(inherited) @executable_path/Frameworks";
				PRODUCT_BUNDLE_IDENTIFIER = "com.afghah.Earthquakes-Sample-App";
				PRODUCT_NAME = "$(TARGET_NAME)";
			};
			name = Debug;
		};
		41861AE51CDDB6380010B4DA /* Release */ = {
			isa = XCBuildConfiguration;
			baseConfigurationReference = 063C4A92E6A29CCE65CB27FB /* Pods-Earthquakes Sample App.release.xcconfig */;
			buildSettings = {
				ASSETCATALOG_COMPILER_APPICON_NAME = AppIcon;
				INFOPLIST_FILE = "Earthquakes Sample App/Info.plist";
				IPHONEOS_DEPLOYMENT_TARGET = 9.0;
				LD_RUNPATH_SEARCH_PATHS = "$(inherited) @executable_path/Frameworks";
				PRODUCT_BUNDLE_IDENTIFIER = "com.afghah.Earthquakes-Sample-App";
				PRODUCT_NAME = "$(TARGET_NAME)";
			};
			name = Release;
		};
/* End XCBuildConfiguration section */

/* Begin XCConfigurationList section */
		41861ACA1CDDB6380010B4DA /* Build configuration list for PBXProject "Earthquakes Sample App" */ = {
			isa = XCConfigurationList;
			buildConfigurations = (
				41861AE11CDDB6380010B4DA /* Debug */,
				41861AE21CDDB6380010B4DA /* Release */,
			);
			defaultConfigurationIsVisible = 0;
			defaultConfigurationName = Release;
		};
		41861AE31CDDB6380010B4DA /* Build configuration list for PBXNativeTarget "Earthquakes Sample App" */ = {
			isa = XCConfigurationList;
			buildConfigurations = (
				41861AE41CDDB6380010B4DA /* Debug */,
				41861AE51CDDB6380010B4DA /* Release */,
			);
			defaultConfigurationIsVisible = 0;
			defaultConfigurationName = Release;
		};
/* End XCConfigurationList section */
	};
	rootObject = 41861AC71CDDB6380010B4DA /* Project object */;
}
